{
  "object": {
    "pins": [
      {
        "package": "AwesomeDictionary",
        "repositoryURL": "https://github.com/pumperknickle/AwesomeDictionary.git",
        "state": {
          "branch": null,
          "revision": "aae45bd08bbe66dbf55099a6fad92153702a1cd4",
          "version": "0.1.1"
        }
      },
      {
        "package": "AwesomeTrie",
        "repositoryURL": "https://github.com/pumperknickle/AwesomeTrie.git",
        "state": {
          "branch": null,
          "revision": "4ce2953fbd810c8bbd4fc979d8d913e2910b4f13",
          "version": "0.1.9"
        }
      },
      {
        "package": "Bedrock",
        "repositoryURL": "https://github.com/pumperknickle/Bedrock.git",
        "state": {
          "branch": null,
          "revision": "fc7f71e7bdaa18a95dd35b770c77216519b2b8c9",
          "version": "0.2.2"
        }
      },
      {
        "package": "Core",
        "repositoryURL": "https://github.com/vapor/core.git",
        "state": {
          "branch": null,
          "revision": "1782c550512dc5a43d0bca405e28fc386d932bbf",
          "version": "3.10.0"
        }
      },
      {
        "package": "Crypto",
        "repositoryURL": "https://github.com/vapor/crypto.git",
        "state": {
          "branch": null,
          "revision": "105c2f875588bf40dd24c00cef3644bf8e327770",
          "version": "3.4.1"
        }
      },
      {
        "package": "CryptoStarterPack",
        "repositoryURL": "https://github.com/pumperknickle/CryptoStarterPack.git",
        "state": {
          "branch": null,
          "revision": "fedee481393de473aab8246364b24b4fb8d98452",
          "version": "1.1.9"
        }
      },
      {
        "package": "CryptoSwift",
        "repositoryURL": "https://github.com/krzyzanowskim/CryptoSwift.git",
        "state": {
          "branch": null,
          "revision": "5669f222e46c8134fb1f399c745fa6882b43532e",
          "version": "1.3.8"
        }
      },
      {
        "package": "CwlCatchException",
        "repositoryURL": "https://github.com/mattgallagher/CwlCatchException.git",
        "state": {
          "branch": null,
          "revision": "f809deb30dc5c9d9b78c872e553261a61177721a",
          "version": "2.0.0"
        }
      },
      {
        "package": "CwlPreconditionTesting",
        "repositoryURL": "https://github.com/mattgallagher/CwlPreconditionTesting.git",
        "state": {
          "branch": null,
          "revision": "02b7a39a99c4da27abe03cab2053a9034379639f",
          "version": "2.0.0"
        }
      },
      {
        "package": "Nimble",
        "repositoryURL": "https://github.com/Quick/Nimble.git",
        "state": {
          "branch": null,
          "revision": "e491a6731307bb23783bf664d003be9b2fa59ab5",
          "version": "9.0.0"
        }
      },
      {
        "package": "Quick",
        "repositoryURL": "https://github.com/Quick/Quick.git",
        "state": {
          "branch": null,
          "revision": "8cce6acd38f965f5baa3167b939f86500314022b",
          "version": "3.1.2"
        }
      },
      {
        "package": "swift-nio",
        "repositoryURL": "https://github.com/apple/swift-nio.git",
        "state": {
          "branch": null,
          "revision": "8da5c5a4e6c5084c296b9f39dc54f00be146e0fa",
          "version": "1.14.2"
        }
      },
      {
        "package": "swift-nio-ssl-support",
        "repositoryURL": "https://github.com/apple/swift-nio-ssl-support.git",
        "state": {
          "branch": null,
          "revision": "c02eec4e0e6d351cd092938cf44195a8e669f555",
          "version": "1.0.0"
        }
      },
      {
        "package": "swift-nio-zlib-support",
        "repositoryURL": "https://github.com/apple/swift-nio-zlib-support.git",
        "state": {
          "branch": null,
          "revision": "37760e9a52030bb9011972c5213c3350fa9d41fd",
          "version": "1.0.0"
        }
      }
    ]
  },
  "version": 1
}
